
Microsoft Visual Studio Solution File, Format Version 12.00
# Visual Studio Version 17
VisualStudioVersion = 17.9.34728.123
MinimumVisualStudioVersion = 10.0.40219.1
Project("{FAE04EC0-301F-11D3-BF4B-00C04F79EFBC}") = "ShowTimeUpr.App", "ShowTimeUpr.App\ShowTimeUpr.App.csproj", "{38630E24-8F79-4ED4-B76B-3B4E38809F96}"
EndProject
Project("{FAE04EC0-301F-11D3-BF4B-00C04F79EFBC}") = "ShowTimeUpr.Models", "ShowTimeUpr.Models\ShowTimeUpr.Models.csproj", "{84A60C96-BB26-484D-9182-E16D47055170}"
EndProject
Project("{FAE04EC0-301F-11D3-BF4B-00C04F79EFBC}") = "ShowTimeUpr.DataAccess", "ShowTimeUpr.DataAccess\ShowTimeUpr.DataAccess.csproj", "{7EECB4F1-A865-4226-9E37-5152969C5764}"
EndProject
Global
	GlobalSection(SolutionConfigurationPlatforms) = preSolution
		Debug|Any CPU = Debug|Any CPU
		Release|Any CPU = Release|Any CPU
	EndGlobalSection
	GlobalSection(ProjectConfigurationPlatforms) = postSolution
		{38630E24-8F79-4ED4-B76B-3B4E38809F96}.Debug|Any CPU.ActiveCfg = Debug|Any CPU
		{38630E24-8F79-4ED4-B76B-3B4E38809F96}.Debug|Any CPU.Build.0 = Debug|Any CPU
		{38630E24-8F79-4ED4-B76B-3B4E38809F96}.Debug|Any CPU.Deploy.0 = Debug|Any CPU
		{38630E24-8F79-4ED4-B76B-3B4E38809F96}.Release|Any CPU.ActiveCfg = Release|Any CPU
		{38630E24-8F79-4ED4-B76B-3B4E38809F96}.Release|Any CPU.Build.0 = Release|Any CPU
		{38630E24-8F79-4ED4-B76B-3B4E38809F96}.Release|Any CPU.Deploy.0 = Release|Any CPU
		{84A60C96-BB26-484D-9182-E16D47055170}.Debug|Any CPU.ActiveCfg = Debug|Any CPU
		{84A60C96-BB26-484D-9182-E16D47055170}.Debug|Any CPU.Build.0 = Debug|Any CPU
		{84A60C96-BB26-484D-9182-E16D47055170}.Release|Any CPU.ActiveCfg = Release|Any CPU
		{84A60C96-BB26-484D-9182-E16D47055170}.Release|Any CPU.Build.0 = Release|Any CPU
		{7EECB4F1-A865-4226-9E37-5152969C5764}.Debug|Any CPU.ActiveCfg = Debug|Any CPU
		{7EECB4F1-A865-4226-9E37-5152969C5764}.Debug|Any CPU.Build.0 = Debug|Any CPU
		{7EECB4F1-A865-4226-9E37-5152969C5764}.Release|Any CPU.ActiveCfg = Release|Any CPU
		{7EECB4F1-A865-4226-9E37-5152969C5764}.Release|Any CPU.Build.0 = Release|Any CPU
	EndGlobalSection
	GlobalSection(SolutionProperties) = preSolution
		HideSolutionNode = FALSE
	EndGlobalSection
	GlobalSection(ExtensibilityGlobals) = postSolution
		SolutionGuid = {91A4E452-9F1B-4894-83D5-2E9E8DA9C153}
	EndGlobalSection
EndGlobal
